
Microsoft Visual Studio Solution File, Format Version 12.00
# Visual Studio Version 17
VisualStudioVersion = 17.0.31903.59
MinimumVisualStudioVersion = 10.0.40219.1
Project("{FAE04EC0-301F-11D3-BF4B-00C04F79EFBC}") = "BasicAgent", "BasicAgent\BasicAgent.csproj", "{31081CB4-B579-4E14-AFF7-CBACA083F0EE}"
EndProject
Project("{FAE04EC0-301F-11D3-BF4B-00C04F79EFBC}") = "AgentRemoteMCPTool", "AgentRemoteMCPTool\AgentRemoteMCPTool.csproj", "{BC1CC81C-7EE1-4CD6-9D6F-B1ADBDB1AB5F}"
EndProject
Project("{FAE04EC0-301F-11D3-BF4B-00C04F79EFBC}") = "MiniMCPClient", "MiniMCPClient\MiniMCPClient.csproj", "{2D505F8A-F839-4A50-9BA9-12460B8E51B4}"
EndProject
Project("{FAE04EC0-301F-11D3-BF4B-00C04F79EFBC}") = "MiniMCPServer", "MiniMCPServer\MiniMCPServer.csproj", "{DEBC2CF5-7993-4168-9351-3E1E32738DE9}"
EndProject
Project("{FAE04EC0-301F-11D3-BF4B-00C04F79EFBC}") = "SKBasic", "SKBasic\SKBasic.csproj", "{27AAFBB7-FAB9-4921-8FD5-D39F4943F2A6}"
EndProject
Global
	GlobalSection(SolutionConfigurationPlatforms) = preSolution
		Debug|Any CPU = Debug|Any CPU
		Release|Any CPU = Release|Any CPU
	EndGlobalSection
	GlobalSection(ProjectConfigurationPlatforms) = postSolution
		{31081CB4-B579-4E14-AFF7-CBACA083F0EE}.Debug|Any CPU.ActiveCfg = Debug|Any CPU
		{31081CB4-B579-4E14-AFF7-CBACA083F0EE}.Debug|Any CPU.Build.0 = Debug|Any CPU
		{31081CB4-B579-4E14-AFF7-CBACA083F0EE}.Release|Any CPU.ActiveCfg = Release|Any CPU
		{31081CB4-B579-4E14-AFF7-CBACA083F0EE}.Release|Any CPU.Build.0 = Release|Any CPU
		{BC1CC81C-7EE1-4CD6-9D6F-B1ADBDB1AB5F}.Debug|Any CPU.ActiveCfg = Debug|Any CPU
		{BC1CC81C-7EE1-4CD6-9D6F-B1ADBDB1AB5F}.Debug|Any CPU.Build.0 = Debug|Any CPU
		{BC1CC81C-7EE1-4CD6-9D6F-B1ADBDB1AB5F}.Release|Any CPU.ActiveCfg = Release|Any CPU
		{BC1CC81C-7EE1-4CD6-9D6F-B1ADBDB1AB5F}.Release|Any CPU.Build.0 = Release|Any CPU
		{2D505F8A-F839-4A50-9BA9-12460B8E51B4}.Debug|Any CPU.ActiveCfg = Debug|Any CPU
		{2D505F8A-F839-4A50-9BA9-12460B8E51B4}.Debug|Any CPU.Build.0 = Debug|Any CPU
		{2D505F8A-F839-4A50-9BA9-12460B8E51B4}.Release|Any CPU.ActiveCfg = Release|Any CPU
		{2D505F8A-F839-4A50-9BA9-12460B8E51B4}.Release|Any CPU.Build.0 = Release|Any CPU
		{DEBC2CF5-7993-4168-9351-3E1E32738DE9}.Debug|Any CPU.ActiveCfg = Debug|Any CPU
		{DEBC2CF5-7993-4168-9351-3E1E32738DE9}.Debug|Any CPU.Build.0 = Debug|Any CPU
		{DEBC2CF5-7993-4168-9351-3E1E32738DE9}.Release|Any CPU.ActiveCfg = Release|Any CPU
		{DEBC2CF5-7993-4168-9351-3E1E32738DE9}.Release|Any CPU.Build.0 = Release|Any CPU
		{27AAFBB7-FAB9-4921-8FD5-D39F4943F2A6}.Debug|Any CPU.ActiveCfg = Debug|Any CPU
		{27AAFBB7-FAB9-4921-8FD5-D39F4943F2A6}.Debug|Any CPU.Build.0 = Debug|Any CPU
		{27AAFBB7-FAB9-4921-8FD5-D39F4943F2A6}.Release|Any CPU.ActiveCfg = Release|Any CPU
		{27AAFBB7-FAB9-4921-8FD5-D39F4943F2A6}.Release|Any CPU.Build.0 = Release|Any CPU
	EndGlobalSection
	GlobalSection(SolutionProperties) = preSolution
		HideSolutionNode = FALSE
	EndGlobalSection
	GlobalSection(ExtensibilityGlobals) = postSolution
		SolutionGuid = {CB58A268-1862-4F79-8D01-E034057D8A3D}
	EndGlobalSection
EndGlobal
